Microsoft Visual Studio Solution File, Format Version 11.00
# Visual Studio 2010
Project("{F184B08F-C81C-45F6-A57F-5ABD9991F28F}") = "FWUtilities", "FWUtilities.vbproj", "{E3F1880B-0F69-4E3E-AD99-AC0782C7A6FE}"
EndProject
Project("{FAE04EC0-301F-11D3-BF4B-00C04F79EFBC}") = "SyntaxHighlightingTextBox", "..\Syntax\Control\SyntaxHighlightingTextBox.csproj", "{93EC5C55-84BB-4FA4-8599-A6C85841E982}"
EndProject
Project("{FAE04EC0-301F-11D3-BF4B-00C04F79EFBC}") = "FWClasses", "..\FWClasses\FWClasses.csproj", "{88E92370-7FEF-4289-878E-FC449E5C6D38}"
EndProject
Project("{FAE04EC0-301F-11D3-BF4B-00C04F79EFBC}") = "FWCommon", "..\FWCommon\FWCommon.csproj", "{35156DA7-16CE-4EE8-A9DB-0F37E2B4BB54}"
EndProject
Project("{F184B08F-C81C-45F6-A57F-5ABD9991F28F}") = "FWBase", "..\FWDatabase\FWBase.vbproj", "{B8180338-C8C2-4DE1-BE2E-6FF35D33DC6A}"
EndProject
Project("{FAE04EC0-301F-11D3-BF4B-00C04F79EFBC}") = "SpendManagementLibrary", "..\SpendManagementLibrary\SpendManagementLibrary.csproj", "{9BDAA543-AC54-47A1-8BDD-C7BF34F2F005}"
EndProject
Project("{FAE04EC0-301F-11D3-BF4B-00C04F79EFBC}") = "Spend Management", "..\Spend Management\Spend Management.csproj", "{1CBFD8EC-F67C-4425-A10C-97BFC7501045}"
EndProject
Project("{FAE04EC0-301F-11D3-BF4B-00C04F79EFBC}") = "csvParser", "..\csvParser\csvParser.csproj", "{9710CF5C-4B75-4D06-846D-1628C748222D}"
EndProject
Project("{FAE04EC0-301F-11D3-BF4B-00C04F79EFBC}") = "SpendManagementHelpers", "..\SpendManagementHelpers\SpendManagementHelpers.csproj", "{F12FBA1A-995D-429F-A9A5-E54FB0AE536F}"
EndProject
Global
	GlobalSection(TeamFoundationVersionControl) = preSolution
		SccNumberOfProjects = 10
		SccEnterpriseProvider = {4CA58AB2-18FA-4F8D-95D4-32DDF27D184C}
		SccTeamFoundationServer = http://company.software-europe.co.uk:8080/tfs/software%20europe
		SccLocalPath0 = .
		SccProjectUniqueName1 = FWUtilities.vbproj
		SccLocalPath1 = .
		SccProjectUniqueName2 = ..\\Syntax\\Control\\SyntaxHighlightingTextBox.csproj
		SccProjectName2 = ../Syntax/Control
		SccLocalPath2 = ..\\Syntax\\Control
		SccProjectUniqueName3 = ..\\FWClasses\\FWClasses.csproj
		SccProjectName3 = ../FWClasses
		SccLocalPath3 = ..\\FWClasses
		SccProjectUniqueName4 = ..\\FWCommon\\FWCommon.csproj
		SccProjectName4 = ../FWCommon
		SccLocalPath4 = ..\\FWCommon
		SccProjectUniqueName5 = ..\\FWDatabase\\FWBase.vbproj
		SccProjectName5 = ../FWDatabase
		SccLocalPath5 = ..\\FWDatabase
		SccProjectUniqueName6 = ..\\SpendManagementLibrary\\SpendManagementLibrary.csproj
		SccProjectName6 = ../SpendManagementLibrary
		SccLocalPath6 = ..\\SpendManagementLibrary
		SccProjectUniqueName7 = ..\\Spend\u0020Management\\Spend\u0020Management.csproj
		SccProjectName7 = ../Spend\u0020Management
		SccLocalPath7 = ..\\Spend\u0020Management
		SccProjectUniqueName8 = ..\\csvParser\\csvParser.csproj
		SccProjectName8 = ../csvParser
		SccLocalPath8 = ..\\csvParser
		SccProjectUniqueName9 = ..\\SpendManagementHelpers\\SpendManagementHelpers.csproj
		SccProjectName9 = ../SpendManagementHelpers
		SccLocalPath9 = ..\\SpendManagementHelpers
	EndGlobalSection
	GlobalSection(SolutionConfigurationPlatforms) = preSolution
		Automated Build|Any CPU = Automated Build|Any CPU
		Automated Build|x64 = Automated Build|x64
		Automated Build|x86 = Automated Build|x86
		Debug and Tests|Any CPU = Debug and Tests|Any CPU
		Debug and Tests|x64 = Debug and Tests|x64
		Debug and Tests|x86 = Debug and Tests|x86
		Debug|Any CPU = Debug|Any CPU
		Debug|x64 = Debug|x64
		Debug|x86 = Debug|x86
		Development|Any CPU = Development|Any CPU
		Development|x64 = Development|x64
		Development|x86 = Development|x86
		Release and Tests|Any CPU = Release and Tests|Any CPU
		Release and Tests|x64 = Release and Tests|x64
		Release and Tests|x86 = Release and Tests|x86
		Release|Any CPU = Release|Any CPU
		Release|x64 = Release|x64
		Release|x86 = Release|x86
		x64 Server|Any CPU = x64 Server|Any CPU
		x64 Server|x64 = x64 Server|x64
		x64 Server|x86 = x64 Server|x86
	EndGlobalSection
	GlobalSection(ProjectConfigurationPlatforms) = postSolution
		{E3F1880B-0F69-4E3E-AD99-AC0782C7A6FE}.Automated Build|Any CPU.ActiveCfg = Release|Any CPU
		{E3F1880B-0F69-4E3E-AD99-AC0782C7A6FE}.Automated Build|Any CPU.Build.0 = Release|Any CPU
		{E3F1880B-0F69-4E3E-AD99-AC0782C7A6FE}.Automated Build|x64.ActiveCfg = Release|Any CPU
		{E3F1880B-0F69-4E3E-AD99-AC0782C7A6FE}.Automated Build|x86.ActiveCfg = Release|Any CPU
		{E3F1880B-0F69-4E3E-AD99-AC0782C7A6FE}.Debug and Tests|Any CPU.ActiveCfg = Debug|Any CPU
		{E3F1880B-0F69-4E3E-AD99-AC0782C7A6FE}.Debug and Tests|Any CPU.Build.0 = Debug|Any CPU
		{E3F1880B-0F69-4E3E-AD99-AC0782C7A6FE}.Debug and Tests|x64.ActiveCfg = Debug|Any CPU
		{E3F1880B-0F69-4E3E-AD99-AC0782C7A6FE}.Debug and Tests|x86.ActiveCfg = Debug|Any CPU
		{E3F1880B-0F69-4E3E-AD99-AC0782C7A6FE}.Debug|Any CPU.ActiveCfg = Debug|Any CPU
		{E3F1880B-0F69-4E3E-AD99-AC0782C7A6FE}.Debug|Any CPU.Build.0 = Debug|Any CPU
		{E3F1880B-0F69-4E3E-AD99-AC0782C7A6FE}.Debug|x64.ActiveCfg = Debug|Any CPU
		{E3F1880B-0F69-4E3E-AD99-AC0782C7A6FE}.Debug|x86.ActiveCfg = Debug|Any CPU
		{E3F1880B-0F69-4E3E-AD99-AC0782C7A6FE}.Development|Any CPU.ActiveCfg = Debug|Any CPU
		{E3F1880B-0F69-4E3E-AD99-AC0782C7A6FE}.Development|Any CPU.Build.0 = Debug|Any CPU
		{E3F1880B-0F69-4E3E-AD99-AC0782C7A6FE}.Development|x64.ActiveCfg = Debug|Any CPU
		{E3F1880B-0F69-4E3E-AD99-AC0782C7A6FE}.Development|x86.ActiveCfg = Debug|Any CPU
		{E3F1880B-0F69-4E3E-AD99-AC0782C7A6FE}.Release and Tests|Any CPU.ActiveCfg = Release|Any CPU
		{E3F1880B-0F69-4E3E-AD99-AC0782C7A6FE}.Release and Tests|Any CPU.Build.0 = Release|Any CPU
		{E3F1880B-0F69-4E3E-AD99-AC0782C7A6FE}.Release and Tests|x64.ActiveCfg = Release|Any CPU
		{E3F1880B-0F69-4E3E-AD99-AC0782C7A6FE}.Release and Tests|x86.ActiveCfg = Release|Any CPU
		{E3F1880B-0F69-4E3E-AD99-AC0782C7A6FE}.Release|Any CPU.ActiveCfg = Release|Any CPU
		{E3F1880B-0F69-4E3E-AD99-AC0782C7A6FE}.Release|Any CPU.Build.0 = Release|Any CPU
		{E3F1880B-0F69-4E3E-AD99-AC0782C7A6FE}.Release|x64.ActiveCfg = Release|Any CPU
		{E3F1880B-0F69-4E3E-AD99-AC0782C7A6FE}.Release|x86.ActiveCfg = Release|Any CPU
		{E3F1880B-0F69-4E3E-AD99-AC0782C7A6FE}.x64 Server|Any CPU.ActiveCfg = Release|Any CPU
		{E3F1880B-0F69-4E3E-AD99-AC0782C7A6FE}.x64 Server|Any CPU.Build.0 = Release|Any CPU
		{E3F1880B-0F69-4E3E-AD99-AC0782C7A6FE}.x64 Server|x64.ActiveCfg = Release|Any CPU
		{E3F1880B-0F69-4E3E-AD99-AC0782C7A6FE}.x64 Server|x86.ActiveCfg = Release|Any CPU
		{93EC5C55-84BB-4FA4-8599-A6C85841E982}.Automated Build|Any CPU.ActiveCfg = Release|Any CPU
		{93EC5C55-84BB-4FA4-8599-A6C85841E982}.Automated Build|Any CPU.Build.0 = Release|Any CPU
		{93EC5C55-84BB-4FA4-8599-A6C85841E982}.Automated Build|x64.ActiveCfg = Release|Any CPU
		{93EC5C55-84BB-4FA4-8599-A6C85841E982}.Automated Build|x86.ActiveCfg = Release|Any CPU
		{93EC5C55-84BB-4FA4-8599-A6C85841E982}.Debug and Tests|Any CPU.ActiveCfg = Debug|Any CPU
		{93EC5C55-84BB-4FA4-8599-A6C85841E982}.Debug and Tests|Any CPU.Build.0 = Debug|Any CPU
		{93EC5C55-84BB-4FA4-8599-A6C85841E982}.Debug and Tests|x64.ActiveCfg = Debug|Any CPU
		{93EC5C55-84BB-4FA4-8599-A6C85841E982}.Debug and Tests|x86.ActiveCfg = Debug|Any CPU
		{93EC5C55-84BB-4FA4-8599-A6C85841E982}.Debug|Any CPU.ActiveCfg = Debug|Any CPU
		{93EC5C55-84BB-4FA4-8599-A6C85841E982}.Debug|Any CPU.Build.0 = Debug|Any CPU
		{93EC5C55-84BB-4FA4-8599-A6C85841E982}.Debug|x64.ActiveCfg = Debug|Any CPU
		{93EC5C55-84BB-4FA4-8599-A6C85841E982}.Debug|x86.ActiveCfg = Debug|Any CPU
		{93EC5C55-84BB-4FA4-8599-A6C85841E982}.Development|Any CPU.ActiveCfg = Debug|Any CPU
		{93EC5C55-84BB-4FA4-8599-A6C85841E982}.Development|Any CPU.Build.0 = Debug|Any CPU
		{93EC5C55-84BB-4FA4-8599-A6C85841E982}.Development|x64.ActiveCfg = Debug|Any CPU
		{93EC5C55-84BB-4FA4-8599-A6C85841E982}.Development|x86.ActiveCfg = Debug|Any CPU
		{93EC5C55-84BB-4FA4-8599-A6C85841E982}.Release and Tests|Any CPU.ActiveCfg = Release|Any CPU
		{93EC5C55-84BB-4FA4-8599-A6C85841E982}.Release and Tests|Any CPU.Build.0 = Release|Any CPU
		{93EC5C55-84BB-4FA4-8599-A6C85841E982}.Release and Tests|x64.ActiveCfg = Release|Any CPU
		{93EC5C55-84BB-4FA4-8599-A6C85841E982}.Release and Tests|x86.ActiveCfg = Release|Any CPU
		{93EC5C55-84BB-4FA4-8599-A6C85841E982}.Release|Any CPU.ActiveCfg = Release|Any CPU
		{93EC5C55-84BB-4FA4-8599-A6C85841E982}.Release|Any CPU.Build.0 = Release|Any CPU
		{93EC5C55-84BB-4FA4-8599-A6C85841E982}.Release|x64.ActiveCfg = Release|Any CPU
		{93EC5C55-84BB-4FA4-8599-A6C85841E982}.Release|x86.ActiveCfg = Release|Any CPU
		{93EC5C55-84BB-4FA4-8599-A6C85841E982}.x64 Server|Any CPU.ActiveCfg = Release|Any CPU
		{93EC5C55-84BB-4FA4-8599-A6C85841E982}.x64 Server|Any CPU.Build.0 = Release|Any CPU
		{93EC5C55-84BB-4FA4-8599-A6C85841E982}.x64 Server|x64.ActiveCfg = Release|Any CPU
		{93EC5C55-84BB-4FA4-8599-A6C85841E982}.x64 Server|x86.ActiveCfg = Release|Any CPU
		{88E92370-7FEF-4289-878E-FC449E5C6D38}.Automated Build|Any CPU.ActiveCfg = x64 Server|Any CPU
		{88E92370-7FEF-4289-878E-FC449E5C6D38}.Automated Build|Any CPU.Build.0 = x64 Server|Any CPU
		{88E92370-7FEF-4289-878E-FC449E5C6D38}.Automated Build|x64.ActiveCfg = x64 Server|Any CPU
		{88E92370-7FEF-4289-878E-FC449E5C6D38}.Automated Build|x86.ActiveCfg = x64 Server|Any CPU
		{88E92370-7FEF-4289-878E-FC449E5C6D38}.Debug and Tests|Any CPU.ActiveCfg = Debug|Any CPU
		{88E92370-7FEF-4289-878E-FC449E5C6D38}.Debug and Tests|Any CPU.Build.0 = Debug|Any CPU
		{88E92370-7FEF-4289-878E-FC449E5C6D38}.Debug and Tests|x64.ActiveCfg = Debug|Any CPU
		{88E92370-7FEF-4289-878E-FC449E5C6D38}.Debug and Tests|x86.ActiveCfg = Debug|Any CPU
		{88E92370-7FEF-4289-878E-FC449E5C6D38}.Debug|Any CPU.ActiveCfg = Debug|Any CPU
		{88E92370-7FEF-4289-878E-FC449E5C6D38}.Debug|Any CPU.Build.0 = Debug|Any CPU
		{88E92370-7FEF-4289-878E-FC449E5C6D38}.Debug|x64.ActiveCfg = Debug|Any CPU
		{88E92370-7FEF-4289-878E-FC449E5C6D38}.Debug|x86.ActiveCfg = Debug|Any CPU
		{88E92370-7FEF-4289-878E-FC449E5C6D38}.Development|Any CPU.ActiveCfg = Debug|Any CPU
		{88E92370-7FEF-4289-878E-FC449E5C6D38}.Development|Any CPU.Build.0 = Debug|Any CPU
		{88E92370-7FEF-4289-878E-FC449E5C6D38}.Development|x64.ActiveCfg = Debug|Any CPU
		{88E92370-7FEF-4289-878E-FC449E5C6D38}.Development|x86.ActiveCfg = Debug|Any CPU
		{88E92370-7FEF-4289-878E-FC449E5C6D38}.Release and Tests|Any CPU.ActiveCfg = Release|Any CPU
		{88E92370-7FEF-4289-878E-FC449E5C6D38}.Release and Tests|Any CPU.Build.0 = Release|Any CPU
		{88E92370-7FEF-4289-878E-FC449E5C6D38}.Release and Tests|x64.ActiveCfg = Release|Any CPU
		{88E92370-7FEF-4289-878E-FC449E5C6D38}.Release and Tests|x86.ActiveCfg = Release|Any CPU
		{88E92370-7FEF-4289-878E-FC449E5C6D38}.Release|Any CPU.ActiveCfg = Release|Any CPU
		{88E92370-7FEF-4289-878E-FC449E5C6D38}.Release|Any CPU.Build.0 = Release|Any CPU
		{88E92370-7FEF-4289-878E-FC449E5C6D38}.Release|x64.ActiveCfg = Release|Any CPU
		{88E92370-7FEF-4289-878E-FC449E5C6D38}.Release|x86.ActiveCfg = Release|Any CPU
		{88E92370-7FEF-4289-878E-FC449E5C6D38}.x64 Server|Any CPU.ActiveCfg = x64 Server|Any CPU
		{88E92370-7FEF-4289-878E-FC449E5C6D38}.x64 Server|Any CPU.Build.0 = x64 Server|Any CPU
		{88E92370-7FEF-4289-878E-FC449E5C6D38}.x64 Server|x64.ActiveCfg = x64 Server|Any CPU
		{88E92370-7FEF-4289-878E-FC449E5C6D38}.x64 Server|x86.ActiveCfg = x64 Server|Any CPU
		{35156DA7-16CE-4EE8-A9DB-0F37E2B4BB54}.Automated Build|Any CPU.ActiveCfg = x64 Server|Any CPU
		{35156DA7-16CE-4EE8-A9DB-0F37E2B4BB54}.Automated Build|Any CPU.Build.0 = x64 Server|Any CPU
		{35156DA7-16CE-4EE8-A9DB-0F37E2B4BB54}.Automated Build|x64.ActiveCfg = x64 Server|Any CPU
		{35156DA7-16CE-4EE8-A9DB-0F37E2B4BB54}.Automated Build|x86.ActiveCfg = x64 Server|Any CPU
		{35156DA7-16CE-4EE8-A9DB-0F37E2B4BB54}.Debug and Tests|Any CPU.ActiveCfg = Debug|Any CPU
		{35156DA7-16CE-4EE8-A9DB-0F37E2B4BB54}.Debug and Tests|Any CPU.Build.0 = Debug|Any CPU
		{35156DA7-16CE-4EE8-A9DB-0F37E2B4BB54}.Debug and Tests|x64.ActiveCfg = Debug|Any CPU
		{35156DA7-16CE-4EE8-A9DB-0F37E2B4BB54}.Debug and Tests|x86.ActiveCfg = Debug|Any CPU
		{35156DA7-16CE-4EE8-A9DB-0F37E2B4BB54}.Debug|Any CPU.ActiveCfg = Debug|Any CPU
		{35156DA7-16CE-4EE8-A9DB-0F37E2B4BB54}.Debug|Any CPU.Build.0 = Debug|Any CPU
		{35156DA7-16CE-4EE8-A9DB-0F37E2B4BB54}.Debug|x64.ActiveCfg = Debug|Any CPU
		{35156DA7-16CE-4EE8-A9DB-0F37E2B4BB54}.Debug|x86.ActiveCfg = Debug|Any CPU
		{35156DA7-16CE-4EE8-A9DB-0F37E2B4BB54}.Development|Any CPU.ActiveCfg = Debug|Any CPU
		{35156DA7-16CE-4EE8-A9DB-0F37E2B4BB54}.Development|Any CPU.Build.0 = Debug|Any CPU
		{35156DA7-16CE-4EE8-A9DB-0F37E2B4BB54}.Development|x64.ActiveCfg = Debug|Any CPU
		{35156DA7-16CE-4EE8-A9DB-0F37E2B4BB54}.Development|x86.ActiveCfg = Debug|Any CPU
		{35156DA7-16CE-4EE8-A9DB-0F37E2B4BB54}.Release and Tests|Any CPU.ActiveCfg = Release|Any CPU
		{35156DA7-16CE-4EE8-A9DB-0F37E2B4BB54}.Release and Tests|Any CPU.Build.0 = Release|Any CPU
		{35156DA7-16CE-4EE8-A9DB-0F37E2B4BB54}.Release and Tests|x64.ActiveCfg = Release|Any CPU
		{35156DA7-16CE-4EE8-A9DB-0F37E2B4BB54}.Release and Tests|x86.ActiveCfg = Release|Any CPU
		{35156DA7-16CE-4EE8-A9DB-0F37E2B4BB54}.Release|Any CPU.ActiveCfg = Release|Any CPU
		{35156DA7-16CE-4EE8-A9DB-0F37E2B4BB54}.Release|Any CPU.Build.0 = Release|Any CPU
		{35156DA7-16CE-4EE8-A9DB-0F37E2B4BB54}.Release|x64.ActiveCfg = Release|Any CPU
		{35156DA7-16CE-4EE8-A9DB-0F37E2B4BB54}.Release|x86.ActiveCfg = Release|Any CPU
		{35156DA7-16CE-4EE8-A9DB-0F37E2B4BB54}.x64 Server|Any CPU.ActiveCfg = x64 Server|Any CPU
		{35156DA7-16CE-4EE8-A9DB-0F37E2B4BB54}.x64 Server|Any CPU.Build.0 = x64 Server|Any CPU
		{35156DA7-16CE-4EE8-A9DB-0F37E2B4BB54}.x64 Server|x64.ActiveCfg = x64 Server|Any CPU
		{35156DA7-16CE-4EE8-A9DB-0F37E2B4BB54}.x64 Server|x86.ActiveCfg = x64 Server|Any CPU
		{B8180338-C8C2-4DE1-BE2E-6FF35D33DC6A}.Automated Build|Any CPU.ActiveCfg = x64 Server|Any CPU
		{B8180338-C8C2-4DE1-BE2E-6FF35D33DC6A}.Automated Build|Any CPU.Build.0 = x64 Server|Any CPU
		{B8180338-C8C2-4DE1-BE2E-6FF35D33DC6A}.Automated Build|x64.ActiveCfg = x64 Server|Any CPU
		{B8180338-C8C2-4DE1-BE2E-6FF35D33DC6A}.Automated Build|x86.ActiveCfg = x64 Server|Any CPU
		{B8180338-C8C2-4DE1-BE2E-6FF35D33DC6A}.Debug and Tests|Any CPU.ActiveCfg = Debug|Any CPU
		{B8180338-C8C2-4DE1-BE2E-6FF35D33DC6A}.Debug and Tests|Any CPU.Build.0 = Debug|Any CPU
		{B8180338-C8C2-4DE1-BE2E-6FF35D33DC6A}.Debug and Tests|x64.ActiveCfg = Debug|Any CPU
		{B8180338-C8C2-4DE1-BE2E-6FF35D33DC6A}.Debug and Tests|x86.ActiveCfg = Debug|Any CPU
		{B8180338-C8C2-4DE1-BE2E-6FF35D33DC6A}.Debug|Any CPU.ActiveCfg = Debug|Any CPU
		{B8180338-C8C2-4DE1-BE2E-6FF35D33DC6A}.Debug|Any CPU.Build.0 = Debug|Any CPU
		{B8180338-C8C2-4DE1-BE2E-6FF35D33DC6A}.Debug|x64.ActiveCfg = Debug|Any CPU
		{B8180338-C8C2-4DE1-BE2E-6FF35D33DC6A}.Debug|x86.ActiveCfg = Debug|Any CPU
		{B8180338-C8C2-4DE1-BE2E-6FF35D33DC6A}.Development|Any CPU.ActiveCfg = Debug|Any CPU
		{B8180338-C8C2-4DE1-BE2E-6FF35D33DC6A}.Development|Any CPU.Build.0 = Debug|Any CPU
		{B8180338-C8C2-4DE1-BE2E-6FF35D33DC6A}.Development|x64.ActiveCfg = Debug|Any CPU
		{B8180338-C8C2-4DE1-BE2E-6FF35D33DC6A}.Development|x86.ActiveCfg = Debug|Any CPU
		{B8180338-C8C2-4DE1-BE2E-6FF35D33DC6A}.Release and Tests|Any CPU.ActiveCfg = Release|Any CPU
		{B8180338-C8C2-4DE1-BE2E-6FF35D33DC6A}.Release and Tests|Any CPU.Build.0 = Release|Any CPU
		{B8180338-C8C2-4DE1-BE2E-6FF35D33DC6A}.Release and Tests|x64.ActiveCfg = Release|Any CPU
		{B8180338-C8C2-4DE1-BE2E-6FF35D33DC6A}.Release and Tests|x86.ActiveCfg = Release|Any CPU
		{B8180338-C8C2-4DE1-BE2E-6FF35D33DC6A}.Release|Any CPU.ActiveCfg = Release|Any CPU
		{B8180338-C8C2-4DE1-BE2E-6FF35D33DC6A}.Release|Any CPU.Build.0 = Release|Any CPU
		{B8180338-C8C2-4DE1-BE2E-6FF35D33DC6A}.Release|x64.ActiveCfg = Release|Any CPU
		{B8180338-C8C2-4DE1-BE2E-6FF35D33DC6A}.Release|x86.ActiveCfg = Release|Any CPU
		{B8180338-C8C2-4DE1-BE2E-6FF35D33DC6A}.x64 Server|Any CPU.ActiveCfg = x64 Server|Any CPU
		{B8180338-C8C2-4DE1-BE2E-6FF35D33DC6A}.x64 Server|Any CPU.Build.0 = x64 Server|Any CPU
		{B8180338-C8C2-4DE1-BE2E-6FF35D33DC6A}.x64 Server|x64.ActiveCfg = x64 Server|Any CPU
		{B8180338-C8C2-4DE1-BE2E-6FF35D33DC6A}.x64 Server|x86.ActiveCfg = x64 Server|Any CPU
		{9BDAA543-AC54-47A1-8BDD-C7BF34F2F005}.Automated Build|Any CPU.ActiveCfg = Automated Build|Any CPU
		{9BDAA543-AC54-47A1-8BDD-C7BF34F2F005}.Automated Build|Any CPU.Build.0 = Automated Build|Any CPU
		{9BDAA543-AC54-47A1-8BDD-C7BF34F2F005}.Automated Build|x64.ActiveCfg = Automated Build|x64
		{9BDAA543-AC54-47A1-8BDD-C7BF34F2F005}.Automated Build|x64.Build.0 = Automated Build|x64
		{9BDAA543-AC54-47A1-8BDD-C7BF34F2F005}.Automated Build|x86.ActiveCfg = Automated Build|x86
		{9BDAA543-AC54-47A1-8BDD-C7BF34F2F005}.Automated Build|x86.Build.0 = Automated Build|x86
		{9BDAA543-AC54-47A1-8BDD-C7BF34F2F005}.Debug and Tests|Any CPU.ActiveCfg = Debug|x86
		{9BDAA543-AC54-47A1-8BDD-C7BF34F2F005}.Debug and Tests|x64.ActiveCfg = Debug|x86
		{9BDAA543-AC54-47A1-8BDD-C7BF34F2F005}.Debug and Tests|x86.ActiveCfg = Debug|x86
		{9BDAA543-AC54-47A1-8BDD-C7BF34F2F005}.Debug and Tests|x86.Build.0 = Debug|x86
		{9BDAA543-AC54-47A1-8BDD-C7BF34F2F005}.Debug|Any CPU.ActiveCfg = Debug|Any CPU
		{9BDAA543-AC54-47A1-8BDD-C7BF34F2F005}.Debug|Any CPU.Build.0 = Debug|Any CPU
		{9BDAA543-AC54-47A1-8BDD-C7BF34F2F005}.Debug|x64.ActiveCfg = Debug|x64
		{9BDAA543-AC54-47A1-8BDD-C7BF34F2F005}.Debug|x64.Build.0 = Debug|x64
		{9BDAA543-AC54-47A1-8BDD-C7BF34F2F005}.Debug|x86.ActiveCfg = Debug|x86
		{9BDAA543-AC54-47A1-8BDD-C7BF34F2F005}.Debug|x86.Build.0 = Debug|x86
		{9BDAA543-AC54-47A1-8BDD-C7BF34F2F005}.Development|Any CPU.ActiveCfg = Debug|x86
		{9BDAA543-AC54-47A1-8BDD-C7BF34F2F005}.Development|x64.ActiveCfg = Debug|x86
		{9BDAA543-AC54-47A1-8BDD-C7BF34F2F005}.Development|x86.ActiveCfg = Debug|x86
		{9BDAA543-AC54-47A1-8BDD-C7BF34F2F005}.Development|x86.Build.0 = Debug|x86
		{9BDAA543-AC54-47A1-8BDD-C7BF34F2F005}.Release and Tests|Any CPU.ActiveCfg = Release and Tests|Any CPU
		{9BDAA543-AC54-47A1-8BDD-C7BF34F2F005}.Release and Tests|Any CPU.Build.0 = Release and Tests|Any CPU
		{9BDAA543-AC54-47A1-8BDD-C7BF34F2F005}.Release and Tests|x64.ActiveCfg = Release and Tests|x64
		{9BDAA543-AC54-47A1-8BDD-C7BF34F2F005}.Release and Tests|x64.Build.0 = Release and Tests|x64
		{9BDAA543-AC54-47A1-8BDD-C7BF34F2F005}.Release and Tests|x86.ActiveCfg = Release and Tests|x86
		{9BDAA543-AC54-47A1-8BDD-C7BF34F2F005}.Release and Tests|x86.Build.0 = Release and Tests|x86
		{9BDAA543-AC54-47A1-8BDD-C7BF34F2F005}.Release|Any CPU.ActiveCfg = Release|Any CPU
		{9BDAA543-AC54-47A1-8BDD-C7BF34F2F005}.Release|Any CPU.Build.0 = Release|Any CPU
		{9BDAA543-AC54-47A1-8BDD-C7BF34F2F005}.Release|x64.ActiveCfg = Release|x64
		{9BDAA543-AC54-47A1-8BDD-C7BF34F2F005}.Release|x64.Build.0 = Release|x64
		{9BDAA543-AC54-47A1-8BDD-C7BF34F2F005}.Release|x86.ActiveCfg = Release|x86
		{9BDAA543-AC54-47A1-8BDD-C7BF34F2F005}.Release|x86.Build.0 = Release|x86
		{9BDAA543-AC54-47A1-8BDD-C7BF34F2F005}.x64 Server|Any CPU.ActiveCfg = Automated Build|x86
		{9BDAA543-AC54-47A1-8BDD-C7BF34F2F005}.x64 Server|x64.ActiveCfg = Automated Build|x86
		{9BDAA543-AC54-47A1-8BDD-C7BF34F2F005}.x64 Server|x86.ActiveCfg = Automated Build|x86
		{9BDAA543-AC54-47A1-8BDD-C7BF34F2F005}.x64 Server|x86.Build.0 = Automated Build|x86
		{1CBFD8EC-F67C-4425-A10C-97BFC7501045}.Automated Build|Any CPU.ActiveCfg = Automated Build|Any CPU
		{1CBFD8EC-F67C-4425-A10C-97BFC7501045}.Automated Build|Any CPU.Build.0 = Automated Build|Any CPU
		{1CBFD8EC-F67C-4425-A10C-97BFC7501045}.Automated Build|x64.ActiveCfg = Automated Build|x64
		{1CBFD8EC-F67C-4425-A10C-97BFC7501045}.Automated Build|x64.Build.0 = Automated Build|x64
		{1CBFD8EC-F67C-4425-A10C-97BFC7501045}.Automated Build|x86.ActiveCfg = Automated Build|x86
		{1CBFD8EC-F67C-4425-A10C-97BFC7501045}.Automated Build|x86.Build.0 = Automated Build|x86
		{1CBFD8EC-F67C-4425-A10C-97BFC7501045}.Debug and Tests|Any CPU.ActiveCfg = Debug and Tests|Any CPU
		{1CBFD8EC-F67C-4425-A10C-97BFC7501045}.Debug and Tests|Any CPU.Build.0 = Debug and Tests|Any CPU
		{1CBFD8EC-F67C-4425-A10C-97BFC7501045}.Debug and Tests|x64.ActiveCfg = Debug and Tests|x64
		{1CBFD8EC-F67C-4425-A10C-97BFC7501045}.Debug and Tests|x64.Build.0 = Debug and Tests|x64
		{1CBFD8EC-F67C-4425-A10C-97BFC7501045}.Debug and Tests|x86.ActiveCfg = Debug and Tests|x86
		{1CBFD8EC-F67C-4425-A10C-97BFC7501045}.Debug and Tests|x86.Build.0 = Debug and Tests|x86
		{1CBFD8EC-F67C-4425-A10C-97BFC7501045}.Debug|Any CPU.ActiveCfg = Debug|Any CPU
		{1CBFD8EC-F67C-4425-A10C-97BFC7501045}.Debug|Any CPU.Build.0 = Debug|Any CPU
		{1CBFD8EC-F67C-4425-A10C-97BFC7501045}.Debug|x64.ActiveCfg = Debug|x64
		{1CBFD8EC-F67C-4425-A10C-97BFC7501045}.Debug|x64.Build.0 = Debug|x64
		{1CBFD8EC-F67C-4425-A10C-97BFC7501045}.Debug|x86.ActiveCfg = Debug|x86
		{1CBFD8EC-F67C-4425-A10C-97BFC7501045}.Debug|x86.Build.0 = Debug|x86
		{1CBFD8EC-F67C-4425-A10C-97BFC7501045}.Development|Any CPU.ActiveCfg = Debug and Tests|x86
		{1CBFD8EC-F67C-4425-A10C-97BFC7501045}.Development|x64.ActiveCfg = Debug and Tests|x86
		{1CBFD8EC-F67C-4425-A10C-97BFC7501045}.Development|x86.ActiveCfg = Debug and Tests|x86
		{1CBFD8EC-F67C-4425-A10C-97BFC7501045}.Development|x86.Build.0 = Debug and Tests|x86
		{1CBFD8EC-F67C-4425-A10C-97BFC7501045}.Release and Tests|Any CPU.ActiveCfg = Release and Tests|Any CPU
		{1CBFD8EC-F67C-4425-A10C-97BFC7501045}.Release and Tests|Any CPU.Build.0 = Release and Tests|Any CPU
		{1CBFD8EC-F67C-4425-A10C-97BFC7501045}.Release and Tests|x64.ActiveCfg = Release and Tests|x64
		{1CBFD8EC-F67C-4425-A10C-97BFC7501045}.Release and Tests|x64.Build.0 = Release and Tests|x64
		{1CBFD8EC-F67C-4425-A10C-97BFC7501045}.Release and Tests|x86.ActiveCfg = Release and Tests|x86
		{1CBFD8EC-F67C-4425-A10C-97BFC7501045}.Release and Tests|x86.Build.0 = Release and Tests|x86
		{1CBFD8EC-F67C-4425-A10C-97BFC7501045}.Release|Any CPU.ActiveCfg = Release|Any CPU
		{1CBFD8EC-F67C-4425-A10C-97BFC7501045}.Release|Any CPU.Build.0 = Release|Any CPU
		{1CBFD8EC-F67C-4425-A10C-97BFC7501045}.Release|x64.ActiveCfg = Release|x64
		{1CBFD8EC-F67C-4425-A10C-97BFC7501045}.Release|x64.Build.0 = Release|x64
		{1CBFD8EC-F67C-4425-A10C-97BFC7501045}.Release|x86.ActiveCfg = Release|x86
		{1CBFD8EC-F67C-4425-A10C-97BFC7501045}.Release|x86.Build.0 = Release|x86
		{1CBFD8EC-F67C-4425-A10C-97BFC7501045}.x64 Server|Any CPU.ActiveCfg = Automated Build|x86
		{1CBFD8EC-F67C-4425-A10C-97BFC7501045}.x64 Server|x64.ActiveCfg = Automated Build|x86
		{1CBFD8EC-F67C-4425-A10C-97BFC7501045}.x64 Server|x86.ActiveCfg = Automated Build|x86
		{1CBFD8EC-F67C-4425-A10C-97BFC7501045}.x64 Server|x86.Build.0 = Automated Build|x86
		{9710CF5C-4B75-4D06-846D-1628C748222D}.Automated Build|Any CPU.ActiveCfg = x64 Server|Any CPU
		{9710CF5C-4B75-4D06-846D-1628C748222D}.Automated Build|Any CPU.Build.0 = x64 Server|Any CPU
		{9710CF5C-4B75-4D06-846D-1628C748222D}.Automated Build|x64.ActiveCfg = x64 Server|Any CPU
		{9710CF5C-4B75-4D06-846D-1628C748222D}.Automated Build|x86.ActiveCfg = x64 Server|Any CPU
		{9710CF5C-4B75-4D06-846D-1628C748222D}.Debug and Tests|Any CPU.ActiveCfg = Debug|Any CPU
		{9710CF5C-4B75-4D06-846D-1628C748222D}.Debug and Tests|Any CPU.Build.0 = Debug|Any CPU
		{9710CF5C-4B75-4D06-846D-1628C748222D}.Debug and Tests|x64.ActiveCfg = Debug|Any CPU
		{9710CF5C-4B75-4D06-846D-1628C748222D}.Debug and Tests|x86.ActiveCfg = Debug|Any CPU
		{9710CF5C-4B75-4D06-846D-1628C748222D}.Debug|Any CPU.ActiveCfg = Debug|Any CPU
		{9710CF5C-4B75-4D06-846D-1628C748222D}.Debug|Any CPU.Build.0 = Debug|Any CPU
		{9710CF5C-4B75-4D06-846D-1628C748222D}.Debug|x64.ActiveCfg = Debug|Any CPU
		{9710CF5C-4B75-4D06-846D-1628C748222D}.Debug|x86.ActiveCfg = Debug|Any CPU
		{9710CF5C-4B75-4D06-846D-1628C748222D}.Development|Any CPU.ActiveCfg = Debug|Any CPU
		{9710CF5C-4B75-4D06-846D-1628C748222D}.Development|Any CPU.Build.0 = Debug|Any CPU
		{9710CF5C-4B75-4D06-846D-1628C748222D}.Development|x64.ActiveCfg = Debug|Any CPU
		{9710CF5C-4B75-4D06-846D-1628C748222D}.Development|x86.ActiveCfg = Debug|Any CPU
		{9710CF5C-4B75-4D06-846D-1628C748222D}.Release and Tests|Any CPU.ActiveCfg = Release|Any CPU
		{9710CF5C-4B75-4D06-846D-1628C748222D}.Release and Tests|Any CPU.Build.0 = Release|Any CPU
		{9710CF5C-4B75-4D06-846D-1628C748222D}.Release and Tests|x64.ActiveCfg = Release|Any CPU
		{9710CF5C-4B75-4D06-846D-1628C748222D}.Release and Tests|x86.ActiveCfg = Release|Any CPU
		{9710CF5C-4B75-4D06-846D-1628C748222D}.Release|Any CPU.ActiveCfg = Release|Any CPU
		{9710CF5C-4B75-4D06-846D-1628C748222D}.Release|Any CPU.Build.0 = Release|Any CPU
		{9710CF5C-4B75-4D06-846D-1628C748222D}.Release|x64.ActiveCfg = Release|Any CPU
		{9710CF5C-4B75-4D06-846D-1628C748222D}.Release|x86.ActiveCfg = Release|Any CPU
		{9710CF5C-4B75-4D06-846D-1628C748222D}.x64 Server|Any CPU.ActiveCfg = x64 Server|Any CPU
		{9710CF5C-4B75-4D06-846D-1628C748222D}.x64 Server|Any CPU.Build.0 = x64 Server|Any CPU
		{9710CF5C-4B75-4D06-846D-1628C748222D}.x64 Server|x64.ActiveCfg = x64 Server|Any CPU
		{9710CF5C-4B75-4D06-846D-1628C748222D}.x64 Server|x86.ActiveCfg = x64 Server|Any CPU
		{F12FBA1A-995D-429F-A9A5-E54FB0AE536F}.Automated Build|Any CPU.ActiveCfg = Development|Any CPU
		{F12FBA1A-995D-429F-A9A5-E54FB0AE536F}.Automated Build|Any CPU.Build.0 = Development|Any CPU
		{F12FBA1A-995D-429F-A9A5-E54FB0AE536F}.Automated Build|x64.ActiveCfg = Development|Any CPU
		{F12FBA1A-995D-429F-A9A5-E54FB0AE536F}.Automated Build|x86.ActiveCfg = Development|Any CPU
		{F12FBA1A-995D-429F-A9A5-E54FB0AE536F}.Debug and Tests|Any CPU.ActiveCfg = Debug|Any CPU
		{F12FBA1A-995D-429F-A9A5-E54FB0AE536F}.Debug and Tests|Any CPU.Build.0 = Debug|Any CPU
		{F12FBA1A-995D-429F-A9A5-E54FB0AE536F}.Debug and Tests|x64.ActiveCfg = Debug|Any CPU
		{F12FBA1A-995D-429F-A9A5-E54FB0AE536F}.Debug and Tests|x86.ActiveCfg = Debug|Any CPU
		{F12FBA1A-995D-429F-A9A5-E54FB0AE536F}.Debug|Any CPU.ActiveCfg = Debug|Any CPU
		{F12FBA1A-995D-429F-A9A5-E54FB0AE536F}.Debug|Any CPU.Build.0 = Debug|Any CPU
		{F12FBA1A-995D-429F-A9A5-E54FB0AE536F}.Debug|x64.ActiveCfg = Debug|Any CPU
		{F12FBA1A-995D-429F-A9A5-E54FB0AE536F}.Debug|x86.ActiveCfg = Debug|Any CPU
		{F12FBA1A-995D-429F-A9A5-E54FB0AE536F}.Development|Any CPU.ActiveCfg = Development|Any CPU
		{F12FBA1A-995D-429F-A9A5-E54FB0AE536F}.Development|Any CPU.Build.0 = Development|Any CPU
		{F12FBA1A-995D-429F-A9A5-E54FB0AE536F}.Development|x64.ActiveCfg = Development|Any CPU
		{F12FBA1A-995D-429F-A9A5-E54FB0AE536F}.Development|x86.ActiveCfg = Development|Any CPU
		{F12FBA1A-995D-429F-A9A5-E54FB0AE536F}.Release and Tests|Any CPU.ActiveCfg = Release|Any CPU
		{F12FBA1A-995D-429F-A9A5-E54FB0AE536F}.Release and Tests|Any CPU.Build.0 = Release|Any CPU
		{F12FBA1A-995D-429F-A9A5-E54FB0AE536F}.Release and Tests|x64.ActiveCfg = Release|Any CPU
		{F12FBA1A-995D-429F-A9A5-E54FB0AE536F}.Release and Tests|x86.ActiveCfg = Release|Any CPU
		{F12FBA1A-995D-429F-A9A5-E54FB0AE536F}.Release|Any CPU.ActiveCfg = Release|Any CPU
		{F12FBA1A-995D-429F-A9A5-E54FB0AE536F}.Release|Any CPU.Build.0 = Release|Any CPU
		{F12FBA1A-995D-429F-A9A5-E54FB0AE536F}.Release|x64.ActiveCfg = Release|Any CPU
		{F12FBA1A-995D-429F-A9A5-E54FB0AE536F}.Release|x86.ActiveCfg = Release|Any CPU
		{F12FBA1A-995D-429F-A9A5-E54FB0AE536F}.x64 Server|Any CPU.ActiveCfg = Development|Any CPU
		{F12FBA1A-995D-429F-A9A5-E54FB0AE536F}.x64 Server|Any CPU.Build.0 = Development|Any CPU
		{F12FBA1A-995D-429F-A9A5-E54FB0AE536F}.x64 Server|x64.ActiveCfg = Development|Any CPU
		{F12FBA1A-995D-429F-A9A5-E54FB0AE536F}.x64 Server|x86.ActiveCfg = Development|Any CPU
	EndGlobalSection
	GlobalSection(SolutionProperties) = preSolution
		HideSolutionNode = FALSE
	EndGlobalSection
	GlobalSection(SpecExplorer.ActivityCompletionStatus) = preSolution
		SpecExplorer.ActivityCompletionStatus = 
	EndGlobalSection
EndGlobal
